<?xml version="1.0" encoding="UTF-8" standalone="yes" ?>
<CodeBlocks_project_file>
	<FileVersion major="1" minor="6" />
	<Project>
		<Option title="montecarlo" />
		<Option pch_mode="2" />
		<Option compiler="gcc" />
		<Build>
			<Target title="Debug">
				<Option output="bin\Debug\montecarlo" prefix_auto="1" extension_auto="1" />
				<Option object_output="obj\Debug\" />
				<Option type="1" />
				<Option compiler="gcc" />
				<Compiler>
					<Add option="-g" />
				</Compiler>
			</Target>
			<Target title="Release">
				<Option output="bin\Release\montecarlo" prefix_auto="1" extension_auto="1" />
				<Option object_output="obj\Release\" />
				<Option type="1" />
				<Option compiler="gcc" />
				<Compiler>
					<Add option="-O2" />
				</Compiler>
				<Linker>
					<Add option="-s" />
				</Linker>
			</Target>
		</Build>
		<Compiler>
			<Add option="-Wall" />
			<Add option="-fexceptions" />
		</Compiler>
		<Unit filename="SixHumpCamel.cpp" />
		<Unit filename="SixHumpCamel.h" />
		<Unit filename="SixHumpCamelBack.m" />
		<Unit filename="SixHumpCamel_initialize.cpp" />
		<Unit filename="SixHumpCamel_initialize.h" />
		<Unit filename="SixHumpCamel_terminate.cpp" />
		<Unit filename="SixHumpCamel_terminate.h" />
		<Unit filename="SixHumpCamel_types.h" />
		<Unit filename="copy_vector.cpp" />
		<Unit filename="gauss_elimination.cpp" />
		<Unit filename="main.cpp" />
		<Unit filename="min_search_parabolic_extrapolation.cpp" />
		<Unit filename="min_search_parabolic_interpolation.cpp" />
		<Unit filename="minimize_down_the_line.cpp" />
		<Unit filename="newton_raphson_ndim.cpp" />
		<Unit filename="ray_in_n_space.cpp" />
		<Unit filename="rtGetInf.cpp" />
		<Unit filename="rtGetInf.h" />
		<Unit filename="rtGetNaN.cpp" />
		<Unit filename="rtGetNaN.h" />
		<Unit filename="rt_nonfinite.cpp" />
		<Unit filename="rt_nonfinite.h" />
		<Unit filename="rtwtypes.h" />
		<Unit filename="steepest_descent.cpp" />
		<Unit filename="subtract_vectors.cpp" />
		<Unit filename="vector_max_norm.cpp" />
		<Extensions>
			<code_completion />
			<debugger />
		</Extensions>
	</Project>
</CodeBlocks_project_file>
